
Microsoft Visual Studio Solution File, Format Version 12.00
# Visual Studio Version 16
VisualStudioVersion = 16.0.30611.23
MinimumVisualStudioVersion = 10.0.40219.1
Project("{FAE04EC0-301F-11D3-BF4B-00C04F79EFBC}") = "MSService", "MSService.csproj", "{307B2813-608C-4BB7-ABDF-CEEA1647EC8D}"
EndProject
Global
	GlobalSection(SolutionConfigurationPlatforms) = preSolution
		Debug|Any CPU = Debug|Any CPU
		Release|Any CPU = Release|Any CPU
	EndGlobalSection
	GlobalSection(ProjectConfigurationPlatforms) = postSolution
		{307B2813-608C-4BB7-ABDF-CEEA1647EC8D}.Debug|Any CPU.ActiveCfg = Debug|Any CPU
		{307B2813-608C-4BB7-ABDF-CEEA1647EC8D}.Debug|Any CPU.Build.0 = Debug|Any CPU
		{307B2813-608C-4BB7-ABDF-CEEA1647EC8D}.Release|Any CPU.ActiveCfg = Release|Any CPU
		{307B2813-608C-4BB7-ABDF-CEEA1647EC8D}.Release|Any CPU.Build.0 = Release|Any CPU
	EndGlobalSection
	GlobalSection(SolutionProperties) = preSolution
		HideSolutionNode = FALSE
	EndGlobalSection
	GlobalSection(ExtensibilityGlobals) = postSolution
		SolutionGuid = {FBA94292-D098-4DEC-A7B0-3F546F1748B0}
	EndGlobalSection
EndGlobal
